// !$*UTF8*$!
{
	archiveVersion = 1;
	classes = {
	};
	objectVersion = 55;
	objects = {

/* Begin PBXBuildFile section */
		EA60541029030C4A00CF44F6 /* AppDelegate.swift in Sources */ = {isa = PBXBuildFile; fileRef = EA60540F29030C4A00CF44F6 /* AppDelegate.swift */; };
		EA60541229030C4A00CF44F6 /* SceneDelegate.swift in Sources */ = {isa = PBXBuildFile; fileRef = EA60541129030C4A00CF44F6 /* SceneDelegate.swift */; };
		EA60541429030C4A00CF44F6 /* EmployeeRecordsVC.swift in Sources */ = {isa = PBXBuildFile; fileRef = EA60541329030C4A00CF44F6 /* EmployeeRecordsVC.swift */; };
		EA60541729030C4B00CF44F6 /* Main.storyboard in Resources */ = {isa = PBXBuildFile; fileRef = EA60541529030C4B00CF44F6 /* Main.storyboard */; };
		EA60541929030C4E00CF44F6 /* Assets.xcassets in Resources */ = {isa = PBXBuildFile; fileRef = EA60541829030C4E00CF44F6 /* Assets.xcassets */; };
		EA60541C29030C4E00CF44F6 /* LaunchScreen.storyboard in Resources */ = {isa = PBXBuildFile; fileRef = EA60541A29030C4E00CF44F6 /* LaunchScreen.storyboard */; };
		EA6054242903130300CF44F6 /* UIColor+Extension.swift in Sources */ = {isa = PBXBuildFile; fileRef = EA6054232903130300CF44F6 /* UIColor+Extension.swift */; };
		EA605428290318EF00CF44F6 /* NetworkManager.swift in Sources */ = {isa = PBXBuildFile; fileRef = EA605427290318EF00CF44F6 /* NetworkManager.swift */; };
		EA60542C29031CDF00CF44F6 /* APIResponses.swift in Sources */ = {isa = PBXBuildFile; fileRef = EA60542B29031CDF00CF44F6 /* APIResponses.swift */; };
		EA6054302903357400CF44F6 /* RoomRecordsVC.swift in Sources */ = {isa = PBXBuildFile; fileRef = EA60542F2903357400CF44F6 /* RoomRecordsVC.swift */; };
		EA60543429033B2A00CF44F6 /* EmpCell.swift in Sources */ = {isa = PBXBuildFile; fileRef = EA60543329033B2A00CF44F6 /* EmpCell.swift */; };
		EA60543629033B3E00CF44F6 /* RoomCell.swift in Sources */ = {isa = PBXBuildFile; fileRef = EA60543529033B3E00CF44F6 /* RoomCell.swift */; };
		EA605438290348E100CF44F6 /* RoomDetailVC.swift in Sources */ = {isa = PBXBuildFile; fileRef = EA605437290348E100CF44F6 /* RoomDetailVC.swift */; };
		EA60543A2903490400CF44F6 /* EmployeeDetailVC.swift in Sources */ = {isa = PBXBuildFile; fileRef = EA6054392903490400CF44F6 /* EmployeeDetailVC.swift */; };
		EA60543C2903D9B700CF44F6 /* UIImageView+Extension.swift in Sources */ = {isa = PBXBuildFile; fileRef = EA60543B2903D9B700CF44F6 /* UIImageView+Extension.swift */; };
/* End PBXBuildFile section */

/* Begin PBXFileReference section */
		EA60540C29030C4A00CF44F6 /* DirectoryApp.app */ = {isa = PBXFileReference; explicitFileType = wrapper.application; includeInIndex = 0; path = DirectoryApp.app; sourceTree = BUILT_PRODUCTS_DIR; };
		EA60540F29030C4A00CF44F6 /* AppDelegate.swift */ = {isa = PBXFileReference; lastKnownFileType = sourcecode.swift; path = AppDelegate.swift; sourceTree = "<group>"; };
		EA60541129030C4A00CF44F6 /* SceneDelegate.swift */ = {isa = PBXFileReference; lastKnownFileType = sourcecode.swift; path = SceneDelegate.swift; sourceTree = "<group>"; };
		EA60541329030C4A00CF44F6 /* EmployeeRecordsVC.swift */ = {isa = PBXFileReference; lastKnownFileType = sourcecode.swift; path = EmployeeRecordsVC.swift; sourceTree = "<group>"; };
		EA60541629030C4B00CF44F6 /* Base */ = {isa = PBXFileReference; lastKnownFileType = file.storyboard; name = Base; path = Base.lproj/Main.storyboard; sourceTree = "<group>"; };
		EA60541829030C4E00CF44F6 /* Assets.xcassets */ = {isa = PBXFileReference; lastKnownFileType = folder.assetcatalog; path = Assets.xcassets; sourceTree = "<group>"; };
		EA60541B29030C4E00CF44F6 /* Base */ = {isa = PBXFileReference; lastKnownFileType = file.storyboard; name = Base; path = Base.lproj/LaunchScreen.storyboard; sourceTree = "<group>"; };
		EA60541D29030C4E00CF44F6 /* Info.plist */ = {isa = PBXFileReference; lastKnownFileType = text.plist.xml; path = Info.plist; sourceTree = "<group>"; };
		EA6054232903130300CF44F6 /* UIColor+Extension.swift */ = {isa = PBXFileReference; lastKnownFileType = sourcecode.swift; path = "UIColor+Extension.swift"; sourceTree = "<group>"; };
		EA605427290318EF00CF44F6 /* NetworkManager.swift */ = {isa = PBXFileReference; lastKnownFileType = sourcecode.swift; path = NetworkManager.swift; sourceTree = "<group>"; };
		EA60542B29031CDF00CF44F6 /* APIResponses.swift */ = {isa = PBXFileReference; lastKnownFileType = sourcecode.swift; path = APIResponses.swift; sourceTree = "<group>"; };
		EA60542F2903357400CF44F6 /* RoomRecordsVC.swift */ = {isa = PBXFileReference; lastKnownFileType = sourcecode.swift; path = RoomRecordsVC.swift; sourceTree = "<group>"; };
		EA60543329033B2A00CF44F6 /* EmpCell.swift */ = {isa = PBXFileReference; lastKnownFileType = sourcecode.swift; path = EmpCell.swift; sourceTree = "<group>"; };
		EA60543529033B3E00CF44F6 /* RoomCell.swift */ = {isa = PBXFileReference; lastKnownFileType = sourcecode.swift; path = RoomCell.swift; sourceTree = "<group>"; };
		EA605437290348E100CF44F6 /* RoomDetailVC.swift */ = {isa = PBXFileReference; lastKnownFileType = sourcecode.swift; path = RoomDetailVC.swift; sourceTree = "<group>"; };
		EA6054392903490400CF44F6 /* EmployeeDetailVC.swift */ = {isa = PBXFileReference; lastKnownFileType = sourcecode.swift; path = EmployeeDetailVC.swift; sourceTree = "<group>"; };
		EA60543B2903D9B700CF44F6 /* UIImageView+Extension.swift */ = {isa = PBXFileReference; lastKnownFileType = sourcecode.swift; path = "UIImageView+Extension.swift"; sourceTree = "<group>"; };
/* End PBXFileReference section */

/* Begin PBXFrameworksBuildPhase section */
		EA60540929030C4A00CF44F6 /* Frameworks */ = {
			isa = PBXFrameworksBuildPhase;
			buildActionMask = 2147483647;
			files = (
			);
			runOnlyForDeploymentPostprocessing = 0;
		};
/* End PBXFrameworksBuildPhase section */

/* Begin PBXGroup section */
		EA60540329030C4A00CF44F6 = {
			isa = PBXGroup;
			children = (
				EA60540E29030C4A00CF44F6 /* DirectoryApp */,
				EA60540D29030C4A00CF44F6 /* Products */,
			);
			sourceTree = "<group>";
		};
		EA60540D29030C4A00CF44F6 /* Products */ = {
			isa = PBXGroup;
			children = (
				EA60540C29030C4A00CF44F6 /* DirectoryApp.app */,
			);
			name = Products;
			sourceTree = "<group>";
		};
		EA60540E29030C4A00CF44F6 /* DirectoryApp */ = {
			isa = PBXGroup;
			children = (
				EA605432290337DA00CF44F6 /* Utilities */,
				EA605431290337B800CF44F6 /* Storyboard */,
				EA60542E2903355100CF44F6 /* Room */,
				EA60542D2903215400CF44F6 /* Employee */,
				EA60542A29031CA800CF44F6 /* Modals */,
				EA60542929031C9500CF44F6 /* Managers */,
				EA60540F29030C4A00CF44F6 /* AppDelegate.swift */,
				EA60541129030C4A00CF44F6 /* SceneDelegate.swift */,
				EA60541829030C4E00CF44F6 /* Assets.xcassets */,
				EA60541A29030C4E00CF44F6 /* LaunchScreen.storyboard */,
				EA60541D29030C4E00CF44F6 /* Info.plist */,
			);
			path = DirectoryApp;
			sourceTree = "<group>";
		};
		EA60542929031C9500CF44F6 /* Managers */ = {
			isa = PBXGroup;
			children = (
				EA605427290318EF00CF44F6 /* NetworkManager.swift */,
			);
			path = Managers;
			sourceTree = "<group>";
		};
		EA60542A29031CA800CF44F6 /* Modals */ = {
			isa = PBXGroup;
			children = (
				EA60542B29031CDF00CF44F6 /* APIResponses.swift */,
			);
			path = Modals;
			sourceTree = "<group>";
		};
		EA60542D2903215400CF44F6 /* Employee */ = {
			isa = PBXGroup;
			children = (
				EA60541329030C4A00CF44F6 /* EmployeeRecordsVC.swift */,
				EA60543329033B2A00CF44F6 /* EmpCell.swift */,
				EA6054392903490400CF44F6 /* EmployeeDetailVC.swift */,
			);
			path = Employee;
			sourceTree = "<group>";
		};
		EA60542E2903355100CF44F6 /* Room */ = {
			isa = PBXGroup;
			children = (
				EA60542F2903357400CF44F6 /* RoomRecordsVC.swift */,
				EA60543529033B3E00CF44F6 /* RoomCell.swift */,
				EA605437290348E100CF44F6 /* RoomDetailVC.swift */,
			);
			path = Room;
			sourceTree = "<group>";
		};
		EA605431290337B800CF44F6 /* Storyboard */ = {
			isa = PBXGroup;
			children = (
				EA60541529030C4B00CF44F6 /* Main.storyboard */,
			);
			path = Storyboard;
			sourceTree = "<group>";
		};
		EA605432290337DA00CF44F6 /* Utilities */ = {
			isa = PBXGroup;
			children = (
				EA6054232903130300CF44F6 /* UIColor+Extension.swift */,
				EA60543B2903D9B700CF44F6 /* UIImageView+Extension.swift */,
			);
			path = Utilities;
			sourceTree = "<group>";
		};
/* End PBXGroup section */

/* Begin PBXNativeTarget section */
		EA60540B29030C4A00CF44F6 /* DirectoryApp */ = {
			isa = PBXNativeTarget;
			buildConfigurationList = EA60542029030C4E00CF44F6 /* Build configuration list for PBXNativeTarget "DirectoryApp" */;
			buildPhases = (
				EA60540829030C4A00CF44F6 /* Sources */,
				EA60540929030C4A00CF44F6 /* Frameworks */,
				EA60540A29030C4A00CF44F6 /* Resources */,
			);
			buildRules = (
			);
			dependencies = (
			);
			name = DirectoryApp;
			productName = DirectoryApp;
			productReference = EA60540C29030C4A00CF44F6 /* DirectoryApp.app */;
			productType = "com.apple.product-type.application";
		};
/* End PBXNativeTarget section */

/* Begin PBXProject section */
		EA60540429030C4A00CF44F6 /* Project object */ = {
			isa = PBXProject;
			attributes = {
				BuildIndependentTargetsInParallel = 1;
				LastSwiftUpdateCheck = 1340;
				LastUpgradeCheck = 1340;
				TargetAttributes = {
					EA60540B29030C4A00CF44F6 = {
						CreatedOnToolsVersion = 13.4.1;
					};
				};
			};
			buildConfigurationList = EA60540729030C4A00CF44F6 /* Build configuration list for PBXProject "DirectoryApp" */;
			compatibilityVersion = "Xcode 13.0";
			developmentRegion = en;
			hasScannedForEncodings = 0;
			knownRegions = (
				en,
				Base,
			);
			mainGroup = EA60540329030C4A00CF44F6;
			productRefGroup = EA60540D29030C4A00CF44F6 /* Products */;
			projectDirPath = "";
			projectRoot = "";
			targets = (
				EA60540B29030C4A00CF44F6 /* DirectoryApp */,
			);
		};
/* End PBXProject section */

/* Begin PBXResourcesBuildPhase section */
		EA60540A29030C4A00CF44F6 /* Resources */ = {
			isa = PBXResourcesBuildPhase;
			buildActionMask = 2147483647;
			files = (
				EA60541C29030C4E00CF44F6 /* LaunchScreen.storyboard in Resources */,
				EA60541929030C4E00CF44F6 /* Assets.xcassets in Resources */,
				EA60541729030C4B00CF44F6 /* Main.storyboard in Resources */,
			);
			runOnlyForDeploymentPostprocessing = 0;
		};
/* End PBXResourcesBuildPhase section */

/* Begin PBXSourcesBuildPhase section */
		EA60540829030C4A00CF44F6 /* Sources */ = {
			isa = PBXSourcesBuildPhase;
			buildActionMask = 2147483647;
			files = (
				EA605428290318EF00CF44F6 /* NetworkManager.swift in Sources */,
				EA60541429030C4A00CF44F6 /* EmployeeRecordsVC.swift in Sources */,
				EA60543A2903490400CF44F6 /* EmployeeDetailVC.swift in Sources */,
				EA605438290348E100CF44F6 /* RoomDetailVC.swift in Sources */,
				EA60543429033B2A00CF44F6 /* EmpCell.swift in Sources */,
				EA60541029030C4A00CF44F6 /* AppDelegate.swift in Sources */,
				EA60543C2903D9B700CF44F6 /* UIImageView+Extension.swift in Sources */,
				EA60541229030C4A00CF44F6 /* SceneDelegate.swift in Sources */,
				EA60542C29031CDF00CF44F6 /* APIResponses.swift in Sources */,
				EA6054302903357400CF44F6 /* RoomRecordsVC.swift in Sources */,
				EA60543629033B3E00CF44F6 /* RoomCell.swift in Sources */,
				EA6054242903130300CF44F6 /* UIColor+Extension.swift in Sources */,
			);
			runOnlyForDeploymentPostprocessing = 0;
		};
/* End PBXSourcesBuildPhase section */

/* Begin PBXVariantGroup section */
		EA60541529030C4B00CF44F6 /* Main.storyboard */ = {
			isa = PBXVariantGroup;
			children = (
				EA60541629030C4B00CF44F6 /* Base */,
			);
			name = Main.storyboard;
			sourceTree = "<group>";
		};
		EA60541A29030C4E00CF44F6 /* LaunchScreen.storyboard */ = {
			isa = PBXVariantGroup;
			children = (
				EA60541B29030C4E00CF44F6 /* Base */,
			);
			name = LaunchScreen.storyboard;
			sourceTree = "<group>";
		};
/* End PBXVariantGroup section */

/* Begin XCBuildConfiguration section */
		EA60541E29030C4E00CF44F6 /* Debug */ = {
			isa = XCBuildConfiguration;
			buildSettings = {
				ALWAYS_SEARCH_USER_PATHS = NO;
				CLANG_ANALYZER_NONNULL = YES;
				CLANG_ANALYZER_NUMBER_OBJECT_CONVERSION = YES_AGGRESSIVE;
				CLANG_CXX_LANGUAGE_STANDARD = "gnu++17";
				CLANG_ENABLE_MODULES = YES;
				CLANG_ENABLE_OBJC_ARC = YES;
				CLANG_ENABLE_OBJC_WEAK = YES;
				CLANG_WARN_BLOCK_CAPTURE_AUTORELEASING = YES;
				CLANG_WARN_BOOL_CONVERSION = YES;
				CLANG_WARN_COMMA = YES;
				CLANG_WARN_CONSTANT_CONVERSION = YES;
				CLANG_WARN_DEPRECATED_OBJC_IMPLEMENTATIONS = YES;
				CLANG_WARN_DIRECT_OBJC_ISA_USAGE = YES_ERROR;
				CLANG_WARN_DOCUMENTATION_COMMENTS = YES;
				CLANG_WARN_EMPTY_BODY = YES;
				CLANG_WARN_ENUM_CONVERSION = YES;
				CLANG_WARN_INFINITE_RECURSION = YES;
				CLANG_WARN_INT_CONVERSION = YES;
				CLANG_WARN_NON_LITERAL_NULL_CONVERSION = YES;
				CLANG_WARN_OBJC_IMPLICIT_RETAIN_SELF = YES;
				CLANG_WARN_OBJC_LITERAL_CONVERSION = YES;
				CLANG_WARN_OBJC_ROOT_CLASS = YES_ERROR;
				CLANG_WARN_QUOTED_INCLUDE_IN_FRAMEWORK_HEADER = YES;
				CLANG_WARN_RANGE_LOOP_ANALYSIS = YES;
				CLANG_WARN_STRICT_PROTOTYPES = YES;
				CLANG_WARN_SUSPICIOUS_MOVE = YES;
				CLANG_WARN_UNGUARDED_AVAILABILITY = YES_AGGRESSIVE;
				CLANG_WARN_UNREACHABLE_CODE = YES;
				CLANG_WARN__DUPLICATE_METHOD_MATCH = YES;
				COPY_PHASE_STRIP = NO;
				DEBUG_INFORMATION_FORMAT = dwarf;
				ENABLE_STRICT_OBJC_MSGSEND = YES;
				ENABLE_TESTABILITY = YES;
				GCC_C_LANGUAGE_STANDARD = gnu11;
				GCC_DYNAMIC_NO_PIC = NO;
				GCC_NO_COMMON_BLOCKS = YES;
				GCC_OPTIMIZATION_LEVEL = 0;
				GCC_PREPROCESSOR_DEFINITIONS = (
					"DEBUG=1",
					"$(inherited)",
				);
				GCC_WARN_64_TO_32_BIT_CONVERSION = YES;
				GCC_WARN_ABOUT_RETURN_TYPE = YES_ERROR;
				GCC_WARN_UNDECLARED_SELECTOR = YES;
				GCC_WARN_UNINITIALIZED_AUTOS = YES_AGGRESSIVE;
				GCC_WARN_UNUSED_FUNCTION = YES;
				GCC_WARN_UNUSED_VARIABLE = YES;
				IPHONEOS_DEPLOYMENT_TARGET = 15.5;
				MTL_ENABLE_DEBUG_INFO = INCLUDE_SOURCE;
				MTL_FAST_MATH = YES;
				ONLY_ACTIVE_ARCH = YES;
				SDKROOT = iphoneos;
				SWIFT_ACTIVE_COMPILATION_CONDITIONS = DEBUG;
				SWIFT_OPTIMIZATION_LEVEL = "-Onone";
			};
			name = Debug;
		};
		EA60541F29030C4E00CF44F6 /* Release */ = {
			isa = XCBuildConfiguration;
			buildSettings = {
				ALWAYS_SEARCH_USER_PATHS = NO;
				CLANG_ANALYZER_NONNULL = YES;
				CLANG_ANALYZER_NUMBER_OBJECT_CONVERSION = YES_AGGRESSIVE;
				CLANG_CXX_LANGUAGE_STANDARD = "gnu++17";
				CLANG_ENABLE_MODULES = YES;
				CLANG_ENABLE_OBJC_ARC = YES;
				CLANG_ENABLE_OBJC_WEAK = YES;
				CLANG_WARN_BLOCK_CAPTURE_AUTORELEASING = YES;
				CLANG_WARN_BOOL_CONVERSION = YES;
				CLANG_WARN_COMMA = YES;
				CLANG_WARN_CONSTANT_CONVERSION = YES;
				CLANG_WARN_DEPRECATED_OBJC_IMPLEMENTATIONS = YES;
				CLANG_WARN_DIRECT_OBJC_ISA_USAGE = YES_ERROR;
				CLANG_WARN_DOCUMENTATION_COMMENTS = YES;
				CLANG_WARN_EMPTY_BODY = YES;
				CLANG_WARN_ENUM_CONVERSION = YES;
				CLANG_WARN_INFINITE_RECURSION = YES;
				CLANG_WARN_INT_CONVERSION = YES;
				CLANG_WARN_NON_LITERAL_NULL_CONVERSION = YES;
				CLANG_WARN_OBJC_IMPLICIT_RETAIN_SELF = YES;
				CLANG_WARN_OBJC_LITERAL_CONVERSION = YES;
				CLANG_WARN_OBJC_ROOT_CLASS = YES_ERROR;
				CLANG_WARN_QUOTED_INCLUDE_IN_FRAMEWORK_HEADER = YES;
				CLANG_WARN_RANGE_LOOP_ANALYSIS = YES;
				CLANG_WARN_STRICT_PROTOTYPES = YES;
				CLANG_WARN_SUSPICIOUS_MOVE = YES;
				CLANG_WARN_UNGUARDED_AVAILABILITY = YES_AGGRESSIVE;
				CLANG_WARN_UNREACHABLE_CODE = YES;
				CLANG_WARN__DUPLICATE_METHOD_MATCH = YES;
				COPY_PHASE_STRIP = NO;
				DEBUG_INFORMATION_FORMAT = "dwarf-with-dsym";
				ENABLE_NS_ASSERTIONS = NO;
				ENABLE_STRICT_OBJC_MSGSEND = YES;
				GCC_C_LANGUAGE_STANDARD = gnu11;
				GCC_NO_COMMON_BLOCKS = YES;
				GCC_WARN_64_TO_32_BIT_CONVERSION = YES;
				GCC_WARN_ABOUT_RETURN_TYPE = YES_ERROR;
				GCC_WARN_UNDECLARED_SELECTOR = YES;
				GCC_WARN_UNINITIALIZED_AUTOS = YES_AGGRESSIVE;
				GCC_WARN_UNUSED_FUNCTION = YES;
				GCC_WARN_UNUSED_VARIABLE = YES;
				IPHONEOS_DEPLOYMENT_TARGET = 15.5;
				MTL_ENABLE_DEBUG_INFO = NO;
				MTL_FAST_MATH = YES;
				SDKROOT = iphoneos;
				SWIFT_COMPILATION_MODE = wholemodule;
				SWIFT_OPTIMIZATION_LEVEL = "-O";
				VALIDATE_PRODUCT = YES;
			};
			name = Release;
		};
		EA60542129030C4E00CF44F6 /* Debug */ = {
			isa = XCBuildConfiguration;
			buildSettings = {
				ASSETCATALOG_COMPILER_APPICON_NAME = AppIcon;
				ASSETCATALOG_COMPILER_GLOBAL_ACCENT_COLOR_NAME = AccentColor;
				CODE_SIGN_STYLE = Automatic;
				CURRENT_PROJECT_VERSION = 1;
				DEVELOPMENT_TEAM = "";
				GENERATE_INFOPLIST_FILE = YES;
				INFOPLIST_FILE = DirectoryApp/Info.plist;
				INFOPLIST_KEY_UIApplicationSupportsIndirectInputEvents = YES;
				INFOPLIST_KEY_UILaunchStoryboardName = LaunchScreen;
				INFOPLIST_KEY_UIMainStoryboardFile = Main;
				INFOPLIST_KEY_UISupportedInterfaceOrientations_iPad = "UIInterfaceOrientationPortrait UIInterfaceOrientationPortraitUpsideDown UIInterfaceOrientationLandscapeLeft UIInterfaceOrientationLandscapeRight";
				INFOPLIST_KEY_UISupportedInterfaceOrientations_iPhone = "UIInterfaceOrientationPortrait UIInterfaceOrientationLandscapeLeft UIInterfaceOrientationLandscapeRight";
				IPHONEOS_DEPLOYMENT_TARGET = 11.0;
				LD_RUNPATH_SEARCH_PATHS = (
					"$(inherited)",
					"@executable_path/Frameworks",
				);
				MARKETING_VERSION = 1.0;
				PRODUCT_BUNDLE_IDENTIFIER = com.pradip.DirectoryApp;
				PRODUCT_NAME = "$(TARGET_NAME)";
				SWIFT_EMIT_LOC_STRINGS = YES;
				SWIFT_VERSION = 5.0;
				TARGETED_DEVICE_FAMILY = "1,2";
			};
			name = Debug;
		};
		EA60542229030C4E00CF44F6 /* Release */ = {
			isa = XCBuildConfiguration;
			buildSettings = {
				ASSETCATALOG_COMPILER_APPICON_NAME = AppIcon;
				ASSETCATALOG_COMPILER_GLOBAL_ACCENT_COLOR_NAME = AccentColor;
				CODE_SIGN_STYLE = Automatic;
				CURRENT_PROJECT_VERSION = 1;
				DEVELOPMENT_TEAM = "";
				GENERATE_INFOPLIST_FILE = YES;
				INFOPLIST_FILE = DirectoryApp/Info.plist;
				INFOPLIST_KEY_UIApplicationSupportsIndirectInputEvents = YES;
				INFOPLIST_KEY_UILaunchStoryboardName = LaunchScreen;
				INFOPLIST_KEY_UIMainStoryboardFile = Main;
				INFOPLIST_KEY_UISupportedInterfaceOrientations_iPad = "UIInterfaceOrientationPortrait UIInterfaceOrientationPortraitUpsideDown UIInterfaceOrientationLandscapeLeft UIInterfaceOrientationLandscapeRight";
				INFOPLIST_KEY_UISupportedInterfaceOrientations_iPhone = "UIInterfaceOrientationPortrait UIInterfaceOrientationLandscapeLeft UIInterfaceOrientationLandscapeRight";
				IPHONEOS_DEPLOYMENT_TARGET = 11.0;
				LD_RUNPATH_SEARCH_PATHS = (
					"$(inherited)",
					"@executable_path/Frameworks",
				);
				MARKETING_VERSION = 1.0;
				PRODUCT_BUNDLE_IDENTIFIER = com.pradip.DirectoryApp;
				PRODUCT_NAME = "$(TARGET_NAME)";
				SWIFT_EMIT_LOC_STRINGS = YES;
				SWIFT_VERSION = 5.0;
				TARGETED_DEVICE_FAMILY = "1,2";
			};
			name = Release;
		};
/* End XCBuildConfiguration section */

/* Begin XCConfigurationList section */
		EA60540729030C4A00CF44F6 /* Build configuration list for PBXProject "DirectoryApp" */ = {
			isa = XCConfigurationList;
			buildConfigurations = (
				EA60541E29030C4E00CF44F6 /* Debug */,
				EA60541F29030C4E00CF44F6 /* Release */,
			);
			defaultConfigurationIsVisible = 0;
			defaultConfigurationName = Release;
		};
		EA60542029030C4E00CF44F6 /* Build configuration list for PBXNativeTarget "DirectoryApp" */ = {
			isa = XCConfigurationList;
			buildConfigurations = (
				EA60542129030C4E00CF44F6 /* Debug */,
				EA60542229030C4E00CF44F6 /* Release */,
			);
			defaultConfigurationIsVisible = 0;
			defaultConfigurationName = Release;
		};
/* End XCConfigurationList section */
	};
	rootObject = EA60540429030C4A00CF44F6 /* Project object */;
}
